
Microsoft Visual Studio Solution File, Format Version 12.00
# Visual Studio Version 17
VisualStudioVersion = 17.3.32811.315
MinimumVisualStudioVersion = 10.0.40219.1
Project("{FAE04EC0-301F-11D3-BF4B-00C04F79EFBC}") = "Drugi", "Drugi\Drugi.csproj", "{8BE89982-4C50-41F5-8CE3-0778BEB02D14}"
EndProject
Global
	GlobalSection(SolutionConfigurationPlatforms) = preSolution
		Debug|Any CPU = Debug|Any CPU
		Release|Any CPU = Release|Any CPU
	EndGlobalSection
	GlobalSection(ProjectConfigurationPlatforms) = postSolution
		{8BE89982-4C50-41F5-8CE3-0778BEB02D14}.Debug|Any CPU.ActiveCfg = Debug|Any CPU
		{8BE89982-4C50-41F5-8CE3-0778BEB02D14}.Debug|Any CPU.Build.0 = Debug|Any CPU
		{8BE89982-4C50-41F5-8CE3-0778BEB02D14}.Release|Any CPU.ActiveCfg = Release|Any CPU
		{8BE89982-4C50-41F5-8CE3-0778BEB02D14}.Release|Any CPU.Build.0 = Release|Any CPU
	EndGlobalSection
	GlobalSection(SolutionProperties) = preSolution
		HideSolutionNode = FALSE
	EndGlobalSection
	GlobalSection(ExtensibilityGlobals) = postSolution
		SolutionGuid = {2CED30B0-BC49-4B23-89F9-02AA631B5574}
	EndGlobalSection
EndGlobal
